
Microsoft Visual Studio Solution File, Format Version 12.00
# Visual Studio Version 17
VisualStudioVersion = 17.14.36518.9 d17.14
MinimumVisualStudioVersion = 10.0.40219.1
Project("{FAE04EC0-301F-11D3-BF4B-00C04F79EFBC}") = "LibrarySystem", "LibrarySystem\LibrarySystem.csproj", "{2A251DF8-9A59-4DDD-9343-C08E8BC377E6}"
EndProject
Project("{FAE04EC0-301F-11D3-BF4B-00C04F79EFBC}") = "LibrarySystems", "LibrarySystems\LibrarySystems.csproj", "{C805BABB-8FC1-44A4-86C8-394316B2CBC6}"
EndProject
Global
	GlobalSection(SolutionConfigurationPlatforms) = preSolution
		Debug|Any CPU = Debug|Any CPU
		Release|Any CPU = Release|Any CPU
	EndGlobalSection
	GlobalSection(ProjectConfigurationPlatforms) = postSolution
		{2A251DF8-9A59-4DDD-9343-C08E8BC377E6}.Debug|Any CPU.ActiveCfg = Debug|Any CPU
		{2A251DF8-9A59-4DDD-9343-C08E8BC377E6}.Debug|Any CPU.Build.0 = Debug|Any CPU
		{2A251DF8-9A59-4DDD-9343-C08E8BC377E6}.Release|Any CPU.ActiveCfg = Release|Any CPU
		{2A251DF8-9A59-4DDD-9343-C08E8BC377E6}.Release|Any CPU.Build.0 = Release|Any CPU
		{C805BABB-8FC1-44A4-86C8-394316B2CBC6}.Debug|Any CPU.ActiveCfg = Debug|Any CPU
		{C805BABB-8FC1-44A4-86C8-394316B2CBC6}.Debug|Any CPU.Build.0 = Debug|Any CPU
		{C805BABB-8FC1-44A4-86C8-394316B2CBC6}.Release|Any CPU.ActiveCfg = Release|Any CPU
		{C805BABB-8FC1-44A4-86C8-394316B2CBC6}.Release|Any CPU.Build.0 = Release|Any CPU
	EndGlobalSection
	GlobalSection(SolutionProperties) = preSolution
		HideSolutionNode = FALSE
	EndGlobalSection
	GlobalSection(ExtensibilityGlobals) = postSolution
		SolutionGuid = {E65887CB-030F-44BC-872E-1F6521B38399}
	EndGlobalSection
EndGlobal
