
Microsoft Visual Studio Solution File, Format Version 12.00
# Visual Studio Version 17
VisualStudioVersion = 17.14.36518.9 d17.14
MinimumVisualStudioVersion = 10.0.40219.1
Project("{FAE04EC0-301F-11D3-BF4B-00C04F79EFBC}") = "MathConsoleApp", "MathConsoleApp\MathConsoleApp.csproj", "{960CF1E5-0071-44CE-9798-B070BF1FE322}"
EndProject
Project("{FAE04EC0-301F-11D3-BF4B-00C04F79EFBC}") = "MathUtilities", "MathUtilities\MathUtilities.csproj", "{A6287DAA-CDFC-450B-B796-D1BF62DE49BA}"
EndProject
Global
	GlobalSection(SolutionConfigurationPlatforms) = preSolution
		Debug|Any CPU = Debug|Any CPU
		Release|Any CPU = Release|Any CPU
	EndGlobalSection
	GlobalSection(ProjectConfigurationPlatforms) = postSolution
		{960CF1E5-0071-44CE-9798-B070BF1FE322}.Debug|Any CPU.ActiveCfg = Debug|Any CPU
		{960CF1E5-0071-44CE-9798-B070BF1FE322}.Debug|Any CPU.Build.0 = Debug|Any CPU
		{960CF1E5-0071-44CE-9798-B070BF1FE322}.Release|Any CPU.ActiveCfg = Release|Any CPU
		{960CF1E5-0071-44CE-9798-B070BF1FE322}.Release|Any CPU.Build.0 = Release|Any CPU
		{A6287DAA-CDFC-450B-B796-D1BF62DE49BA}.Debug|Any CPU.ActiveCfg = Debug|Any CPU
		{A6287DAA-CDFC-450B-B796-D1BF62DE49BA}.Debug|Any CPU.Build.0 = Debug|Any CPU
		{A6287DAA-CDFC-450B-B796-D1BF62DE49BA}.Release|Any CPU.ActiveCfg = Release|Any CPU
		{A6287DAA-CDFC-450B-B796-D1BF62DE49BA}.Release|Any CPU.Build.0 = Release|Any CPU
	EndGlobalSection
	GlobalSection(SolutionProperties) = preSolution
		HideSolutionNode = FALSE
	EndGlobalSection
	GlobalSection(ExtensibilityGlobals) = postSolution
		SolutionGuid = {3917534F-7246-4774-B45B-DB2222AA0D58}
	EndGlobalSection
EndGlobal
