
Microsoft Visual Studio Solution File, Format Version 12.00
# Visual Studio Version 17
VisualStudioVersion = 17.14.36518.9 d17.14
MinimumVisualStudioVersion = 10.0.40219.1
Project("{FAE04EC0-301F-11D3-BF4B-00C04F79EFBC}") = "BankingAppInEFframWorkAssignments-24-10-2025", "BankingAppInEFframWorkAssignments-24-10-2025\BankingAppInEFframWorkAssignments-24-10-2025.csproj", "{FC4CC24F-26E3-42C1-BDB2-312F26B5B242}"
EndProject
Project("{FAE04EC0-301F-11D3-BF4B-00C04F79EFBC}") = "AccountOperationsAssignments-24-10-2025", "AccountOperationsAssignments-24-10-2025\AccountOperationsAssignments-24-10-2025.csproj", "{290AA45B-C055-4923-869A-CF77775258C0}"
EndProject
Global
	GlobalSection(SolutionConfigurationPlatforms) = preSolution
		Debug|Any CPU = Debug|Any CPU
		Release|Any CPU = Release|Any CPU
	EndGlobalSection
	GlobalSection(ProjectConfigurationPlatforms) = postSolution
		{FC4CC24F-26E3-42C1-BDB2-312F26B5B242}.Debug|Any CPU.ActiveCfg = Debug|Any CPU
		{FC4CC24F-26E3-42C1-BDB2-312F26B5B242}.Debug|Any CPU.Build.0 = Debug|Any CPU
		{FC4CC24F-26E3-42C1-BDB2-312F26B5B242}.Release|Any CPU.ActiveCfg = Release|Any CPU
		{FC4CC24F-26E3-42C1-BDB2-312F26B5B242}.Release|Any CPU.Build.0 = Release|Any CPU
		{290AA45B-C055-4923-869A-CF77775258C0}.Debug|Any CPU.ActiveCfg = Debug|Any CPU
		{290AA45B-C055-4923-869A-CF77775258C0}.Debug|Any CPU.Build.0 = Debug|Any CPU
		{290AA45B-C055-4923-869A-CF77775258C0}.Release|Any CPU.ActiveCfg = Release|Any CPU
		{290AA45B-C055-4923-869A-CF77775258C0}.Release|Any CPU.Build.0 = Release|Any CPU
	EndGlobalSection
	GlobalSection(SolutionProperties) = preSolution
		HideSolutionNode = FALSE
	EndGlobalSection
	GlobalSection(ExtensibilityGlobals) = postSolution
		SolutionGuid = {30D1749E-6FAB-4935-8F74-C47D146CDDAC}
	EndGlobalSection
EndGlobal
